
Microsoft Visual Studio Solution File, Format Version 12.00
# Visual Studio Version 17
VisualStudioVersion = 17.8.34330.188
MinimumVisualStudioVersion = 10.0.40219.1
Project("{FAE04EC0-301F-11D3-BF4B-00C04F79EFBC}") = "CubePuzzle", "CubePuzzle\CubePuzzle.csproj", "{B36A5356-8D61-448F-8DA7-3B9DB3AD512D}"
EndProject
Global
	GlobalSection(SolutionConfigurationPlatforms) = preSolution
		Debug|Any CPU = Debug|Any CPU
		Release|Any CPU = Release|Any CPU
	EndGlobalSection
	GlobalSection(ProjectConfigurationPlatforms) = postSolution
		{B36A5356-8D61-448F-8DA7-3B9DB3AD512D}.Debug|Any CPU.ActiveCfg = Debug|Any CPU
		{B36A5356-8D61-448F-8DA7-3B9DB3AD512D}.Debug|Any CPU.Build.0 = Debug|Any CPU
		{B36A5356-8D61-448F-8DA7-3B9DB3AD512D}.Release|Any CPU.ActiveCfg = Release|Any CPU
		{B36A5356-8D61-448F-8DA7-3B9DB3AD512D}.Release|Any CPU.Build.0 = Release|Any CPU
	EndGlobalSection
	GlobalSection(SolutionProperties) = preSolution
		HideSolutionNode = FALSE
	EndGlobalSection
	GlobalSection(ExtensibilityGlobals) = postSolution
		SolutionGuid = {BA75B681-47F2-4BA1-8A31-5639CA7314F7}
	EndGlobalSection
EndGlobal
